// !$*UTF8*$!
{
	archiveVersion = 1;
	classes = {
	};
	objectVersion = 55;
	objects = {

/* Begin PBXBuildFile section */
		E09BFAF2D18E13701087A171 /* libPods-WZWeatherApp.a in Frameworks */ = {isa = PBXBuildFile; fileRef = E471FB68A63B6D7F629F387F /* libPods-WZWeatherApp.a */; };
		F523041E2891DB37007D707B /* WZDailyTableViewCell.m in Sources */ = {isa = PBXBuildFile; fileRef = F523041D2891DB37007D707B /* WZDailyTableViewCell.m */; };
		F52304242892AE63007D707B /* WZConstant.m in Sources */ = {isa = PBXBuildFile; fileRef = F52304232892AE63007D707B /* WZConstant.m */; };
		F523042B2892D2BF007D707B /* DailyModel.m in Sources */ = {isa = PBXBuildFile; fileRef = F523042A2892D2BF007D707B /* DailyModel.m */; };
		F52304312892D691007D707B /* NSURL+WZ.m in Sources */ = {isa = PBXBuildFile; fileRef = F52304302892D691007D707B /* NSURL+WZ.m */; };
		F52304352892D6AA007D707B /* weatherCode.plist in Resources */ = {isa = PBXBuildFile; fileRef = F52304332892D6AA007D707B /* weatherCode.plist */; };
		F52304362892D6AA007D707B /* cityCode.plist in Resources */ = {isa = PBXBuildFile; fileRef = F52304342892D6AA007D707B /* cityCode.plist */; };
		F523043A2893078A007D707B /* LocationManager.m in Sources */ = {isa = PBXBuildFile; fileRef = F52304392893078A007D707B /* LocationManager.m */; };
		F539A6B528AFD0EF0016854C /* WZTabBarController.m in Sources */ = {isa = PBXBuildFile; fileRef = F539A6B428AFD0EF0016854C /* WZTabBarController.m */; };
		F542D0562893E08A0097792C /* WZHourlyCollectionViewCell.m in Sources */ = {isa = PBXBuildFile; fileRef = F542D0552893E08A0097792C /* WZHourlyCollectionViewCell.m */; };
		F542D05A2893F95A0097792C /* WZHourlyTableViewCell.m in Sources */ = {isa = PBXBuildFile; fileRef = F542D0592893F95A0097792C /* WZHourlyTableViewCell.m */; };
		F542D05D2893F9E80097792C /* HourlyModel.m in Sources */ = {isa = PBXBuildFile; fileRef = F542D05C2893F9E80097792C /* HourlyModel.m */; };
		F542D0602893FB2D0097792C /* HourlyDataService.m in Sources */ = {isa = PBXBuildFile; fileRef = F542D05F2893FB2D0097792C /* HourlyDataService.m */; };
		F542D063289440250097792C /* NowModel.m in Sources */ = {isa = PBXBuildFile; fileRef = F542D062289440250097792C /* NowModel.m */; };
		F542D066289441560097792C /* NowDataService.m in Sources */ = {isa = PBXBuildFile; fileRef = F542D065289441560097792C /* NowDataService.m */; };
		F542D0682894D4170097792C /* hourly.json in Resources */ = {isa = PBXBuildFile; fileRef = F542D0672894D4170097792C /* hourly.json */; };
		F559EE412890EB6F0068208A /* AppDelegate.m in Sources */ = {isa = PBXBuildFile; fileRef = F559EE402890EB6F0068208A /* AppDelegate.m */; };
		F559EE472890EB6F0068208A /* HomeViewController.m in Sources */ = {isa = PBXBuildFile; fileRef = F559EE462890EB6F0068208A /* HomeViewController.m */; };
		F559EE4C2890EB700068208A /* Assets.xcassets in Resources */ = {isa = PBXBuildFile; fileRef = F559EE4B2890EB700068208A /* Assets.xcassets */; };
		F559EE4F2890EB700068208A /* LaunchScreen.storyboard in Resources */ = {isa = PBXBuildFile; fileRef = F559EE4D2890EB700068208A /* LaunchScreen.storyboard */; };
		F559EE522890EB700068208A /* main.m in Sources */ = {isa = PBXBuildFile; fileRef = F559EE512890EB700068208A /* main.m */; };
		F559EE5C2890F8CC0068208A /* WZHeaderTextView.m in Sources */ = {isa = PBXBuildFile; fileRef = F559EE5B2890F8CC0068208A /* WZHeaderTextView.m */; };
		F5767F7B2897102A00C6B7CD /* LocationTableVC.m in Sources */ = {isa = PBXBuildFile; fileRef = F5767F7A2897102A00C6B7CD /* LocationTableVC.m */; };
		F5767F7E2897132300C6B7CD /* CityModel.m in Sources */ = {isa = PBXBuildFile; fileRef = F5767F7D2897132300C6B7CD /* CityModel.m */; };
		F5767F812898698100C6B7CD /* NSString+WZ.m in Sources */ = {isa = PBXBuildFile; fileRef = F5767F802898698100C6B7CD /* NSString+WZ.m */; };
		F596EA802899E4440091480C /* UIImage+WZ.m in Sources */ = {isa = PBXBuildFile; fileRef = F596EA7F2899E4440091480C /* UIImage+WZ.m */; };
		F596EA842899E9750091480C /* WZBackgroundVideoView.m in Sources */ = {isa = PBXBuildFile; fileRef = F596EA832899E9750091480C /* WZBackgroundVideoView.m */; };
		F596EA862899F2060091480C /* default_night.mp4 in Resources */ = {isa = PBXBuildFile; fileRef = F596EA852899EA5A0091480C /* default_night.mp4 */; };
		F596EA882899F21A0091480C /* cloudy_day.mp4 in Resources */ = {isa = PBXBuildFile; fileRef = F596EA872899F21A0091480C /* cloudy_day.mp4 */; };
		F596EA8F289A02250091480C /* cloudy_night.mp4 in Resources */ = {isa = PBXBuildFile; fileRef = F596EA89289A02250091480C /* cloudy_night.mp4 */; };
		F596EA90289A02250091480C /* rain_day.mp4 in Resources */ = {isa = PBXBuildFile; fileRef = F596EA8A289A02250091480C /* rain_day.mp4 */; };
		F596EA91289A02250091480C /* windy_day.mp4 in Resources */ = {isa = PBXBuildFile; fileRef = F596EA8B289A02250091480C /* windy_day.mp4 */; };
		F596EA92289A02250091480C /* windy_night.mp4 in Resources */ = {isa = PBXBuildFile; fileRef = F596EA8C289A02250091480C /* windy_night.mp4 */; };
		F596EA94289A02250091480C /* rain_night.mp4 in Resources */ = {isa = PBXBuildFile; fileRef = F596EA8E289A02250091480C /* rain_night.mp4 */; };
		F596EA98289A02AD0091480C /* default_day.mp4 in Resources */ = {isa = PBXBuildFile; fileRef = F596EA97289A02AD0091480C /* default_day.mp4 */; };
		F596EA9B289A86670091480C /* LifeStyleModel.m in Sources */ = {isa = PBXBuildFile; fileRef = F596EA9A289A86670091480C /* LifeStyleModel.m */; };
		F596EA9E289A87520091480C /* LifeStyleDataService.m in Sources */ = {isa = PBXBuildFile; fileRef = F596EA9D289A87520091480C /* LifeStyleDataService.m */; };
		F596EAA1289A89880091480C /* LifeStyleTableVC.m in Sources */ = {isa = PBXBuildFile; fileRef = F596EAA0289A89880091480C /* LifeStyleTableVC.m */; };
		F596EAA4289A8DEA0091480C /* LifeStyleTableViewCell.m in Sources */ = {isa = PBXBuildFile; fileRef = F596EAA3289A8DEA0091480C /* LifeStyleTableViewCell.m */; };
		F5CCBD9F28B0BAF60044AA8B /* partly_cloud_day.mp4 in Resources */ = {isa = PBXBuildFile; fileRef = F5CCBD9D28B0BAF50044AA8B /* partly_cloud_day.mp4 */; };
		F5CCBDA028B0BAF60044AA8B /* partly_cloud_night.mp4 in Resources */ = {isa = PBXBuildFile; fileRef = F5CCBD9E28B0BAF60044AA8B /* partly_cloud_night.mp4 */; };
		F5E2FED62891908B008D0910 /* HomeView.m in Sources */ = {isa = PBXBuildFile; fileRef = F5E2FED52891908B008D0910 /* HomeView.m */; };
		F5F1EABB289313B50016B191 /* NetworkManager.m in Sources */ = {isa = PBXBuildFile; fileRef = F5F1EABA289313B50016B191 /* NetworkManager.m */; };
		F5F1EAC028931EB80016B191 /* DailyDataService.m in Sources */ = {isa = PBXBuildFile; fileRef = F5F1EABF28931EB80016B191 /* DailyDataService.m */; };
		F5F1EAC328934AAF0016B191 /* UtilsManager.m in Sources */ = {isa = PBXBuildFile; fileRef = F5F1EAC228934AAF0016B191 /* UtilsManager.m */; };
/* End PBXBuildFile section */

/* Begin PBXFileReference section */
		688343A53A55049D8B50D0EF /* Pods-WZWeatherApp.debug.xcconfig */ = {isa = PBXFileReference; includeInIndex = 1; lastKnownFileType = text.xcconfig; name = "Pods-WZWeatherApp.debug.xcconfig"; path = "Target Support Files/Pods-WZWeatherApp/Pods-WZWeatherApp.debug.xcconfig"; sourceTree = "<group>"; };
		8987FCD0C4022EFFABA08D49 /* Pods-WZWeatherApp.release.xcconfig */ = {isa = PBXFileReference; includeInIndex = 1; lastKnownFileType = text.xcconfig; name = "Pods-WZWeatherApp.release.xcconfig"; path = "Target Support Files/Pods-WZWeatherApp/Pods-WZWeatherApp.release.xcconfig"; sourceTree = "<group>"; };
		E471FB68A63B6D7F629F387F /* libPods-WZWeatherApp.a */ = {isa = PBXFileReference; explicitFileType = archive.ar; includeInIndex = 0; path = "libPods-WZWeatherApp.a"; sourceTree = BUILT_PRODUCTS_DIR; };
		F523041C2891DB36007D707B /* WZDailyTableViewCell.h */ = {isa = PBXFileReference; lastKnownFileType = sourcecode.c.h; path = WZDailyTableViewCell.h; sourceTree = "<group>"; };
		F523041D2891DB37007D707B /* WZDailyTableViewCell.m */ = {isa = PBXFileReference; lastKnownFileType = sourcecode.c.objc; path = WZDailyTableViewCell.m; sourceTree = "<group>"; };
		F52304222892AE63007D707B /* WZConstant.h */ = {isa = PBXFileReference; fileEncoding = 4; lastKnownFileType = sourcecode.c.h; path = WZConstant.h; sourceTree = "<group>"; };
		F52304232892AE63007D707B /* WZConstant.m */ = {isa = PBXFileReference; fileEncoding = 4; lastKnownFileType = sourcecode.c.objc; path = WZConstant.m; sourceTree = "<group>"; };
		F52304292892D2BF007D707B /* DailyModel.h */ = {isa = PBXFileReference; lastKnownFileType = sourcecode.c.h; path = DailyModel.h; sourceTree = "<group>"; };
		F523042A2892D2BF007D707B /* DailyModel.m */ = {isa = PBXFileReference; lastKnownFileType = sourcecode.c.objc; path = DailyModel.m; sourceTree = "<group>"; };
		F523042F2892D691007D707B /* NSURL+WZ.h */ = {isa = PBXFileReference; lastKnownFileType = sourcecode.c.h; path = "NSURL+WZ.h"; sourceTree = "<group>"; };
		F52304302892D691007D707B /* NSURL+WZ.m */ = {isa = PBXFileReference; lastKnownFileType = sourcecode.c.objc; path = "NSURL+WZ.m"; sourceTree = "<group>"; };
		F52304332892D6AA007D707B /* weatherCode.plist */ = {isa = PBXFileReference; fileEncoding = 4; lastKnownFileType = text.plist.xml; path = weatherCode.plist; sourceTree = "<group>"; };
		F52304342892D6AA007D707B /* cityCode.plist */ = {isa = PBXFileReference; fileEncoding = 4; lastKnownFileType = text.plist.xml; path = cityCode.plist; sourceTree = "<group>"; };
		F52304382893078A007D707B /* LocationManager.h */ = {isa = PBXFileReference; lastKnownFileType = sourcecode.c.h; path = LocationManager.h; sourceTree = "<group>"; };
		F52304392893078A007D707B /* LocationManager.m */ = {isa = PBXFileReference; lastKnownFileType = sourcecode.c.objc; path = LocationManager.m; sourceTree = "<group>"; };
		F539A6B328AFD0EF0016854C /* WZTabBarController.h */ = {isa = PBXFileReference; lastKnownFileType = sourcecode.c.h; path = WZTabBarController.h; sourceTree = "<group>"; };
		F539A6B428AFD0EF0016854C /* WZTabBarController.m */ = {isa = PBXFileReference; lastKnownFileType = sourcecode.c.objc; path = WZTabBarController.m; sourceTree = "<group>"; };
		F542D0542893E08A0097792C /* WZHourlyCollectionViewCell.h */ = {isa = PBXFileReference; lastKnownFileType = sourcecode.c.h; path = WZHourlyCollectionViewCell.h; sourceTree = "<group>"; };
		F542D0552893E08A0097792C /* WZHourlyCollectionViewCell.m */ = {isa = PBXFileReference; lastKnownFileType = sourcecode.c.objc; path = WZHourlyCollectionViewCell.m; sourceTree = "<group>"; };
		F542D0582893F95A0097792C /* WZHourlyTableViewCell.h */ = {isa = PBXFileReference; lastKnownFileType = sourcecode.c.h; path = WZHourlyTableViewCell.h; sourceTree = "<group>"; };
		F542D0592893F95A0097792C /* WZHourlyTableViewCell.m */ = {isa = PBXFileReference; lastKnownFileType = sourcecode.c.objc; path = WZHourlyTableViewCell.m; sourceTree = "<group>"; };
		F542D05B2893F9E80097792C /* HourlyModel.h */ = {isa = PBXFileReference; lastKnownFileType = sourcecode.c.h; path = HourlyModel.h; sourceTree = "<group>"; };
		F542D05C2893F9E80097792C /* HourlyModel.m */ = {isa = PBXFileReference; lastKnownFileType = sourcecode.c.objc; path = HourlyModel.m; sourceTree = "<group>"; };
		F542D05E2893FB2D0097792C /* HourlyDataService.h */ = {isa = PBXFileReference; lastKnownFileType = sourcecode.c.h; path = HourlyDataService.h; sourceTree = "<group>"; };
		F542D05F2893FB2D0097792C /* HourlyDataService.m */ = {isa = PBXFileReference; lastKnownFileType = sourcecode.c.objc; path = HourlyDataService.m; sourceTree = "<group>"; };
		F542D061289440250097792C /* NowModel.h */ = {isa = PBXFileReference; lastKnownFileType = sourcecode.c.h; path = NowModel.h; sourceTree = "<group>"; };
		F542D062289440250097792C /* NowModel.m */ = {isa = PBXFileReference; lastKnownFileType = sourcecode.c.objc; path = NowModel.m; sourceTree = "<group>"; };
		F542D064289441560097792C /* NowDataService.h */ = {isa = PBXFileReference; lastKnownFileType = sourcecode.c.h; path = NowDataService.h; sourceTree = "<group>"; };
		F542D065289441560097792C /* NowDataService.m */ = {isa = PBXFileReference; lastKnownFileType = sourcecode.c.objc; path = NowDataService.m; sourceTree = "<group>"; };
		F542D0672894D4170097792C /* hourly.json */ = {isa = PBXFileReference; lastKnownFileType = text.json; path = hourly.json; sourceTree = "<group>"; };
		F559EE3C2890EB6F0068208A /* WZWeatherApp.app */ = {isa = PBXFileReference; explicitFileType = wrapper.application; includeInIndex = 0; path = WZWeatherApp.app; sourceTree = BUILT_PRODUCTS_DIR; };
		F559EE3F2890EB6F0068208A /* AppDelegate.h */ = {isa = PBXFileReference; lastKnownFileType = sourcecode.c.h; path = AppDelegate.h; sourceTree = "<group>"; };
		F559EE402890EB6F0068208A /* AppDelegate.m */ = {isa = PBXFileReference; lastKnownFileType = sourcecode.c.objc; path = AppDelegate.m; sourceTree = "<group>"; };
		F559EE452890EB6F0068208A /* HomeViewController.h */ = {isa = PBXFileReference; lastKnownFileType = sourcecode.c.h; path = HomeViewController.h; sourceTree = "<group>"; };
		F559EE462890EB6F0068208A /* HomeViewController.m */ = {isa = PBXFileReference; lastKnownFileType = sourcecode.c.objc; path = HomeViewController.m; sourceTree = "<group>"; };
		F559EE4B2890EB700068208A /* Assets.xcassets */ = {isa = PBXFileReference; lastKnownFileType = folder.assetcatalog; path = Assets.xcassets; sourceTree = "<group>"; };
		F559EE4E2890EB700068208A /* Base */ = {isa = PBXFileReference; lastKnownFileType = file.storyboard; name = Base; path = Base.lproj/LaunchScreen.storyboard; sourceTree = "<group>"; };
		F559EE502890EB700068208A /* Info.plist */ = {isa = PBXFileReference; lastKnownFileType = text.plist.xml; path = Info.plist; sourceTree = "<group>"; };
		F559EE512890EB700068208A /* main.m */ = {isa = PBXFileReference; lastKnownFileType = sourcecode.c.objc; path = main.m; sourceTree = "<group>"; };
		F559EE5A2890F8CC0068208A /* WZHeaderTextView.h */ = {isa = PBXFileReference; lastKnownFileType = sourcecode.c.h; path = WZHeaderTextView.h; sourceTree = "<group>"; };
		F559EE5B2890F8CC0068208A /* WZHeaderTextView.m */ = {isa = PBXFileReference; lastKnownFileType = sourcecode.c.objc; path = WZHeaderTextView.m; sourceTree = "<group>"; };
		F5767F792897102A00C6B7CD /* LocationTableVC.h */ = {isa = PBXFileReference; lastKnownFileType = sourcecode.c.h; path = LocationTableVC.h; sourceTree = "<group>"; };
		F5767F7A2897102A00C6B7CD /* LocationTableVC.m */ = {isa = PBXFileReference; lastKnownFileType = sourcecode.c.objc; path = LocationTableVC.m; sourceTree = "<group>"; };
		F5767F7C2897132300C6B7CD /* CityModel.h */ = {isa = PBXFileReference; lastKnownFileType = sourcecode.c.h; path = CityModel.h; sourceTree = "<group>"; };
		F5767F7D2897132300C6B7CD /* CityModel.m */ = {isa = PBXFileReference; lastKnownFileType = sourcecode.c.objc; path = CityModel.m; sourceTree = "<group>"; };
		F5767F7F2898698100C6B7CD /* NSString+WZ.h */ = {isa = PBXFileReference; lastKnownFileType = sourcecode.c.h; path = "NSString+WZ.h"; sourceTree = "<group>"; };
		F5767F802898698100C6B7CD /* NSString+WZ.m */ = {isa = PBXFileReference; lastKnownFileType = sourcecode.c.objc; path = "NSString+WZ.m"; sourceTree = "<group>"; };
		F596EA7E2899E4440091480C /* UIImage+WZ.h */ = {isa = PBXFileReference; lastKnownFileType = sourcecode.c.h; path = "UIImage+WZ.h"; sourceTree = "<group>"; };
		F596EA7F2899E4440091480C /* UIImage+WZ.m */ = {isa = PBXFileReference; lastKnownFileType = sourcecode.c.objc; path = "UIImage+WZ.m"; sourceTree = "<group>"; };
		F596EA822899E9750091480C /* WZBackgroundVideoView.h */ = {isa = PBXFileReference; lastKnownFileType = sourcecode.c.h; path = WZBackgroundVideoView.h; sourceTree = "<group>"; };
		F596EA832899E9750091480C /* WZBackgroundVideoView.m */ = {isa = PBXFileReference; lastKnownFileType = sourcecode.c.objc; path = WZBackgroundVideoView.m; sourceTree = "<group>"; };
		F596EA852899EA5A0091480C /* default_night.mp4 */ = {isa = PBXFileReference; lastKnownFileType = file; path = default_night.mp4; sourceTree = "<group>"; };
		F596EA872899F21A0091480C /* cloudy_day.mp4 */ = {isa = PBXFileReference; lastKnownFileType = file; path = cloudy_day.mp4; sourceTree = "<group>"; };
		F596EA89289A02250091480C /* cloudy_night.mp4 */ = {isa = PBXFileReference; lastKnownFileType = file; path = cloudy_night.mp4; sourceTree = "<group>"; };
		F596EA8A289A02250091480C /* rain_day.mp4 */ = {isa = PBXFileReference; lastKnownFileType = file; path = rain_day.mp4; sourceTree = "<group>"; };
		F596EA8B289A02250091480C /* windy_day.mp4 */ = {isa = PBXFileReference; lastKnownFileType = file; path = windy_day.mp4; sourceTree = "<group>"; };
		F596EA8C289A02250091480C /* windy_night.mp4 */ = {isa = PBXFileReference; lastKnownFileType = file; path = windy_night.mp4; sourceTree = "<group>"; };
		F596EA8E289A02250091480C /* rain_night.mp4 */ = {isa = PBXFileReference; lastKnownFileType = file; path = rain_night.mp4; sourceTree = "<group>"; };
		F596EA97289A02AD0091480C /* default_day.mp4 */ = {isa = PBXFileReference; lastKnownFileType = file; path = default_day.mp4; sourceTree = "<group>"; };
		F596EA99289A86670091480C /* LifeStyleModel.h */ = {isa = PBXFileReference; lastKnownFileType = sourcecode.c.h; path = LifeStyleModel.h; sourceTree = "<group>"; };
		F596EA9A289A86670091480C /* LifeStyleModel.m */ = {isa = PBXFileReference; lastKnownFileType = sourcecode.c.objc; path = LifeStyleModel.m; sourceTree = "<group>"; };
		F596EA9C289A87520091480C /* LifeStyleDataService.h */ = {isa = PBXFileReference; lastKnownFileType = sourcecode.c.h; path = LifeStyleDataService.h; sourceTree = "<group>"; };
		F596EA9D289A87520091480C /* LifeStyleDataService.m */ = {isa = PBXFileReference; lastKnownFileType = sourcecode.c.objc; path = LifeStyleDataService.m; sourceTree = "<group>"; };
		F596EA9F289A89880091480C /* LifeStyleTableVC.h */ = {isa = PBXFileReference; lastKnownFileType = sourcecode.c.h; path = LifeStyleTableVC.h; sourceTree = "<group>"; };
		F596EAA0289A89880091480C /* LifeStyleTableVC.m */ = {isa = PBXFileReference; lastKnownFileType = sourcecode.c.objc; path = LifeStyleTableVC.m; sourceTree = "<group>"; };
		F596EAA2289A8DEA0091480C /* LifeStyleTableViewCell.h */ = {isa = PBXFileReference; lastKnownFileType = sourcecode.c.h; path = LifeStyleTableViewCell.h; sourceTree = "<group>"; };
		F596EAA3289A8DEA0091480C /* LifeStyleTableViewCell.m */ = {isa = PBXFileReference; lastKnownFileType = sourcecode.c.objc; path = LifeStyleTableViewCell.m; sourceTree = "<group>"; };
		F5CCBD9D28B0BAF50044AA8B /* partly_cloud_day.mp4 */ = {isa = PBXFileReference; lastKnownFileType = file; path = partly_cloud_day.mp4; sourceTree = "<group>"; };
		F5CCBD9E28B0BAF60044AA8B /* partly_cloud_night.mp4 */ = {isa = PBXFileReference; lastKnownFileType = file; path = partly_cloud_night.mp4; sourceTree = "<group>"; };
		F5CCBDA128B217FD0044AA8B /* README.md */ = {isa = PBXFileReference; lastKnownFileType = net.daringfireball.markdown; path = README.md; sourceTree = "<group>"; };
		F5E2FED42891908B008D0910 /* HomeView.h */ = {isa = PBXFileReference; lastKnownFileType = sourcecode.c.h; path = HomeView.h; sourceTree = "<group>"; };
		F5E2FED52891908B008D0910 /* HomeView.m */ = {isa = PBXFileReference; lastKnownFileType = sourcecode.c.objc; path = HomeView.m; sourceTree = "<group>"; };
		F5F1EAB9289313B50016B191 /* NetworkManager.h */ = {isa = PBXFileReference; lastKnownFileType = sourcecode.c.h; path = NetworkManager.h; sourceTree = "<group>"; };
		F5F1EABA289313B50016B191 /* NetworkManager.m */ = {isa = PBXFileReference; lastKnownFileType = sourcecode.c.objc; path = NetworkManager.m; sourceTree = "<group>"; };
		F5F1EABE28931EB80016B191 /* DailyDataService.h */ = {isa = PBXFileReference; lastKnownFileType = sourcecode.c.h; path = DailyDataService.h; sourceTree = "<group>"; };
		F5F1EABF28931EB80016B191 /* DailyDataService.m */ = {isa = PBXFileReference; lastKnownFileType = sourcecode.c.objc; path = DailyDataService.m; sourceTree = "<group>"; };
		F5F1EAC128934AAF0016B191 /* UtilsManager.h */ = {isa = PBXFileReference; lastKnownFileType = sourcecode.c.h; path = UtilsManager.h; sourceTree = "<group>"; };
		F5F1EAC228934AAF0016B191 /* UtilsManager.m */ = {isa = PBXFileReference; lastKnownFileType = sourcecode.c.objc; path = UtilsManager.m; sourceTree = "<group>"; };
/* End PBXFileReference section */

/* Begin PBXFrameworksBuildPhase section */
		F559EE392890EB6F0068208A /* Frameworks */ = {
			isa = PBXFrameworksBuildPhase;
			buildActionMask = 2147483647;
			files = (
				E09BFAF2D18E13701087A171 /* libPods-WZWeatherApp.a in Frameworks */,
			);
			runOnlyForDeploymentPostprocessing = 0;
		};
/* End PBXFrameworksBuildPhase section */

/* Begin PBXGroup section */
		61DD98701BBD6F55F9E6C6CD /* Frameworks */ = {
			isa = PBXGroup;
			children = (
				E471FB68A63B6D7F629F387F /* libPods-WZWeatherApp.a */,
			);
			name = Frameworks;
			sourceTree = "<group>";
		};
		A85E14EB4124A93F12BD1820 /* Pods */ = {
			isa = PBXGroup;
			children = (
				688343A53A55049D8B50D0EF /* Pods-WZWeatherApp.debug.xcconfig */,
				8987FCD0C4022EFFABA08D49 /* Pods-WZWeatherApp.release.xcconfig */,
			);
			path = Pods;
			sourceTree = "<group>";
		};
		F52304252892B9EA007D707B /* Models */ = {
			isa = PBXGroup;
			children = (
				F52304292892D2BF007D707B /* DailyModel.h */,
				F523042A2892D2BF007D707B /* DailyModel.m */,
				F542D05B2893F9E80097792C /* HourlyModel.h */,
				F542D05C2893F9E80097792C /* HourlyModel.m */,
				F542D061289440250097792C /* NowModel.h */,
				F542D062289440250097792C /* NowModel.m */,
				F5767F7C2897132300C6B7CD /* CityModel.h */,
				F5767F7D2897132300C6B7CD /* CityModel.m */,
				F596EA99289A86670091480C /* LifeStyleModel.h */,
				F596EA9A289A86670091480C /* LifeStyleModel.m */,
			);
			path = Models;
			sourceTree = "<group>";
		};
		F52304262892B9F0007D707B /* Views */ = {
			isa = PBXGroup;
			children = (
				F5E2FED42891908B008D0910 /* HomeView.h */,
				F5E2FED52891908B008D0910 /* HomeView.m */,
				F58EB2AC28A323F900F42147 /* LifeStyleCells */,
				F596EA812899E9170091480C /* BackgroundViews */,
				F52304282892BBF7007D707B /* HeaderViews */,
				F52304272892B9F8007D707B /* DailyForcastCells */,
				F542D0572893F8C50097792C /* HourlyForcastCells */,
			);
			path = Views;
			sourceTree = "<group>";
		};
		F52304272892B9F8007D707B /* DailyForcastCells */ = {
			isa = PBXGroup;
			children = (
				F523041C2891DB36007D707B /* WZDailyTableViewCell.h */,
				F523041D2891DB37007D707B /* WZDailyTableViewCell.m */,
			);
			path = DailyForcastCells;
			sourceTree = "<group>";
		};
		F52304282892BBF7007D707B /* HeaderViews */ = {
			isa = PBXGroup;
			children = (
				F559EE5A2890F8CC0068208A /* WZHeaderTextView.h */,
				F559EE5B2890F8CC0068208A /* WZHeaderTextView.m */,
			);
			path = HeaderViews;
			sourceTree = "<group>";
		};
		F52304322892D698007D707B /* Category */ = {
			isa = PBXGroup;
			children = (
				F523042F2892D691007D707B /* NSURL+WZ.h */,
				F52304302892D691007D707B /* NSURL+WZ.m */,
				F5767F7F2898698100C6B7CD /* NSString+WZ.h */,
				F5767F802898698100C6B7CD /* NSString+WZ.m */,
				F596EA7E2899E4440091480C /* UIImage+WZ.h */,
				F596EA7F2899E4440091480C /* UIImage+WZ.m */,
			);
			path = Category;
			sourceTree = "<group>";
		};
		F523043728930617007D707B /* Manager */ = {
			isa = PBXGroup;
			children = (
				F52304222892AE63007D707B /* WZConstant.h */,
				F52304232892AE63007D707B /* WZConstant.m */,
				F52304382893078A007D707B /* LocationManager.h */,
				F52304392893078A007D707B /* LocationManager.m */,
				F5F1EAB9289313B50016B191 /* NetworkManager.h */,
				F5F1EABA289313B50016B191 /* NetworkManager.m */,
				F5F1EAC128934AAF0016B191 /* UtilsManager.h */,
				F5F1EAC228934AAF0016B191 /* UtilsManager.m */,
			);
			path = Manager;
			sourceTree = "<group>";
		};
		F539A6AF28AFC4B80016854C /* Support Files */ = {
			isa = PBXGroup;
			children = (
				F559EE4B2890EB700068208A /* Assets.xcassets */,
				F559EE4D2890EB700068208A /* LaunchScreen.storyboard */,
				F559EE512890EB700068208A /* main.m */,
				F52304342892D6AA007D707B /* cityCode.plist */,
				F52304332892D6AA007D707B /* weatherCode.plist */,
				F539A6B028AFC4CF0016854C /* Videos */,
			);
			path = "Support Files";
			sourceTree = "<group>";
		};
		F539A6B028AFC4CF0016854C /* Videos */ = {
			isa = PBXGroup;
			children = (
				F596EA97289A02AD0091480C /* default_day.mp4 */,
				F596EA89289A02250091480C /* cloudy_night.mp4 */,
				F596EA8A289A02250091480C /* rain_day.mp4 */,
				F596EA8E289A02250091480C /* rain_night.mp4 */,
				F596EA8B289A02250091480C /* windy_day.mp4 */,
				F596EA8C289A02250091480C /* windy_night.mp4 */,
				F596EA852899EA5A0091480C /* default_night.mp4 */,
				F5CCBD9D28B0BAF50044AA8B /* partly_cloud_day.mp4 */,
				F5CCBD9E28B0BAF60044AA8B /* partly_cloud_night.mp4 */,
				F596EA872899F21A0091480C /* cloudy_day.mp4 */,
			);
			path = Videos;
			sourceTree = "<group>";
		};
		F539A6B128AFC4F30016854C /* Location */ = {
			isa = PBXGroup;
			children = (
				F5767F792897102A00C6B7CD /* LocationTableVC.h */,
				F5767F7A2897102A00C6B7CD /* LocationTableVC.m */,
			);
			path = Location;
			sourceTree = "<group>";
		};
		F539A6B228AFD0B70016854C /* TabBar */ = {
			isa = PBXGroup;
			children = (
				F539A6B328AFD0EF0016854C /* WZTabBarController.h */,
				F539A6B428AFD0EF0016854C /* WZTabBarController.m */,
			);
			path = TabBar;
			sourceTree = "<group>";
		};
		F542D0572893F8C50097792C /* HourlyForcastCells */ = {
			isa = PBXGroup;
			children = (
				F542D0542893E08A0097792C /* WZHourlyCollectionViewCell.h */,
				F542D0552893E08A0097792C /* WZHourlyCollectionViewCell.m */,
				F542D0582893F95A0097792C /* WZHourlyTableViewCell.h */,
				F542D0592893F95A0097792C /* WZHourlyTableViewCell.m */,
			);
			path = HourlyForcastCells;
			sourceTree = "<group>";
		};
		F559EE332890EB6F0068208A = {
			isa = PBXGroup;
			children = (
				F5CCBDA128B217FD0044AA8B /* README.md */,
				F559EE3E2890EB6F0068208A /* WZWeatherApp */,
				F559EE3D2890EB6F0068208A /* Products */,
				A85E14EB4124A93F12BD1820 /* Pods */,
				61DD98701BBD6F55F9E6C6CD /* Frameworks */,
			);
			sourceTree = "<group>";
		};
		F559EE3D2890EB6F0068208A /* Products */ = {
			isa = PBXGroup;
			children = (
				F559EE3C2890EB6F0068208A /* WZWeatherApp.app */,
			);
			name = Products;
			sourceTree = "<group>";
		};
		F559EE3E2890EB6F0068208A /* WZWeatherApp */ = {
			isa = PBXGroup;
			children = (
				F539A6AF28AFC4B80016854C /* Support Files */,
				F559EE3F2890EB6F0068208A /* AppDelegate.h */,
				F559EE402890EB6F0068208A /* AppDelegate.m */,
				F523043728930617007D707B /* Manager */,
				F5F1EABD28931E5B0016B191 /* Service */,
				F52304252892B9EA007D707B /* Models */,
				F52304322892D698007D707B /* Category */,
				F5F1EABC28931E480016B191 /* Controller */,
				F52304262892B9F0007D707B /* Views */,
				F559EE502890EB700068208A /* Info.plist */,
			);
			path = WZWeatherApp;
			sourceTree = "<group>";
		};
		F58EB2AA28A323D300F42147 /* Home */ = {
			isa = PBXGroup;
			children = (
				F559EE452890EB6F0068208A /* HomeViewController.h */,
				F559EE462890EB6F0068208A /* HomeViewController.m */,
			);
			path = Home;
			sourceTree = "<group>";
		};
		F58EB2AB28A323DB00F42147 /* Life */ = {
			isa = PBXGroup;
			children = (
				F596EA9F289A89880091480C /* LifeStyleTableVC.h */,
				F596EAA0289A89880091480C /* LifeStyleTableVC.m */,
			);
			path = Life;
			sourceTree = "<group>";
		};
		F58EB2AC28A323F900F42147 /* LifeStyleCells */ = {
			isa = PBXGroup;
			children = (
				F596EAA2289A8DEA0091480C /* LifeStyleTableViewCell.h */,
				F596EAA3289A8DEA0091480C /* LifeStyleTableViewCell.m */,
			);
			path = LifeStyleCells;
			sourceTree = "<group>";
		};
		F596EA812899E9170091480C /* BackgroundViews */ = {
			isa = PBXGroup;
			children = (
				F596EA822899E9750091480C /* WZBackgroundVideoView.h */,
				F596EA832899E9750091480C /* WZBackgroundVideoView.m */,
			);
			path = BackgroundViews;
			sourceTree = "<group>";
		};
		F5F1EABC28931E480016B191 /* Controller */ = {
			isa = PBXGroup;
			children = (
				F539A6B228AFD0B70016854C /* TabBar */,
				F539A6B128AFC4F30016854C /* Location */,
				F58EB2AB28A323DB00F42147 /* Life */,
				F58EB2AA28A323D300F42147 /* Home */,
			);
			path = Controller;
			sourceTree = "<group>";
		};
		F5F1EABD28931E5B0016B191 /* Service */ = {
			isa = PBXGroup;
			children = (
				F5F1EABE28931EB80016B191 /* DailyDataService.h */,
				F5F1EABF28931EB80016B191 /* DailyDataService.m */,
				F596EA9C289A87520091480C /* LifeStyleDataService.h */,
				F596EA9D289A87520091480C /* LifeStyleDataService.m */,
				F542D05E2893FB2D0097792C /* HourlyDataService.h */,
				F542D05F2893FB2D0097792C /* HourlyDataService.m */,
				F542D064289441560097792C /* NowDataService.h */,
				F542D065289441560097792C /* NowDataService.m */,
				F542D0672894D4170097792C /* hourly.json */,
			);
			path = Service;
			sourceTree = "<group>";
		};
/* End PBXGroup section */

/* Begin PBXNativeTarget section */
		F559EE3B2890EB6F0068208A /* WZWeatherApp */ = {
			isa = PBXNativeTarget;
			buildConfigurationList = F559EE552890EB700068208A /* Build configuration list for PBXNativeTarget "WZWeatherApp" */;
			buildPhases = (
				63C5B9F39AFB36AD92D1E8E3 /* [CP] Check Pods Manifest.lock */,
				F559EE382890EB6F0068208A /* Sources */,
				F559EE392890EB6F0068208A /* Frameworks */,
				F559EE3A2890EB6F0068208A /* Resources */,
				C68C860068611227BC753414 /* [CP] Copy Pods Resources */,
			);
			buildRules = (
			);
			dependencies = (
			);
			name = WZWeatherApp;
			productName = WZWeatherApp;
			productReference = F559EE3C2890EB6F0068208A /* WZWeatherApp.app */;
			productType = "com.apple.product-type.application";
		};
/* End PBXNativeTarget section */

/* Begin PBXProject section */
		F559EE342890EB6F0068208A /* Project object */ = {
			isa = PBXProject;
			attributes = {
				BuildIndependentTargetsInParallel = 1;
				LastUpgradeCheck = 1330;
				TargetAttributes = {
					F559EE3B2890EB6F0068208A = {
						CreatedOnToolsVersion = 13.3.1;
					};
				};
			};
			buildConfigurationList = F559EE372890EB6F0068208A /* Build configuration list for PBXProject "WZWeatherApp" */;
			compatibilityVersion = "Xcode 13.0";
			developmentRegion = en;
			hasScannedForEncodings = 0;
			knownRegions = (
				en,
				Base,
			);
			mainGroup = F559EE332890EB6F0068208A;
			productRefGroup = F559EE3D2890EB6F0068208A /* Products */;
			projectDirPath = "";
			projectRoot = "";
			targets = (
				F559EE3B2890EB6F0068208A /* WZWeatherApp */,
			);
		};
/* End PBXProject section */

/* Begin PBXResourcesBuildPhase section */
		F559EE3A2890EB6F0068208A /* Resources */ = {
			isa = PBXResourcesBuildPhase;
			buildActionMask = 2147483647;
			files = (
				F596EA98289A02AD0091480C /* default_day.mp4 in Resources */,
				F596EA92289A02250091480C /* windy_night.mp4 in Resources */,
				F596EA90289A02250091480C /* rain_day.mp4 in Resources */,
				F5CCBD9F28B0BAF60044AA8B /* partly_cloud_day.mp4 in Resources */,
				F596EA94289A02250091480C /* rain_night.mp4 in Resources */,
				F596EA882899F21A0091480C /* cloudy_day.mp4 in Resources */,
				F596EA862899F2060091480C /* default_night.mp4 in Resources */,
				F5CCBDA028B0BAF60044AA8B /* partly_cloud_night.mp4 in Resources */,
				F52304362892D6AA007D707B /* cityCode.plist in Resources */,
				F542D0682894D4170097792C /* hourly.json in Resources */,
				F52304352892D6AA007D707B /* weatherCode.plist in Resources */,
				F559EE4F2890EB700068208A /* LaunchScreen.storyboard in Resources */,
				F559EE4C2890EB700068208A /* Assets.xcassets in Resources */,
				F596EA8F289A02250091480C /* cloudy_night.mp4 in Resources */,
				F596EA91289A02250091480C /* windy_day.mp4 in Resources */,
			);
			runOnlyForDeploymentPostprocessing = 0;
		};
/* End PBXResourcesBuildPhase section */

/* Begin PBXShellScriptBuildPhase section */
		63C5B9F39AFB36AD92D1E8E3 /* [CP] Check Pods Manifest.lock */ = {
			isa = PBXShellScriptBuildPhase;
			buildActionMask = 2147483647;
			files = (
			);
			inputFileListPaths = (
			);
			inputPaths = (
				"${PODS_PODFILE_DIR_PATH}/Podfile.lock",
				"${PODS_ROOT}/Manifest.lock",
			);
			name = "[CP] Check Pods Manifest.lock";
			outputFileListPaths = (
			);
			outputPaths = (
				"$(DERIVED_FILE_DIR)/Pods-WZWeatherApp-checkManifestLockResult.txt",
			);
			runOnlyForDeploymentPostprocessing = 0;
			shellPath = /bin/sh;
			shellScript = "diff \"${PODS_PODFILE_DIR_PATH}/Podfile.lock\" \"${PODS_ROOT}/Manifest.lock\" > /dev/null\nif [ $? != 0 ] ; then\n    # print error to STDERR\n    echo \"error: The sandbox is not in sync with the Podfile.lock. Run 'pod install' or update your CocoaPods installation.\" >&2\n    exit 1\nfi\n# This output is used by Xcode 'outputs' to avoid re-running this script phase.\necho \"SUCCESS\" > \"${SCRIPT_OUTPUT_FILE_0}\"\n";
			showEnvVarsInLog = 0;
		};
		C68C860068611227BC753414 /* [CP] Copy Pods Resources */ = {
			isa = PBXShellScriptBuildPhase;
			buildActionMask = 2147483647;
			files = (
			);
			inputFileListPaths = (
				"${PODS_ROOT}/Target Support Files/Pods-WZWeatherApp/Pods-WZWeatherApp-resources-${CONFIGURATION}-input-files.xcfilelist",
			);
			name = "[CP] Copy Pods Resources";
			outputFileListPaths = (
				"${PODS_ROOT}/Target Support Files/Pods-WZWeatherApp/Pods-WZWeatherApp-resources-${CONFIGURATION}-output-files.xcfilelist",
			);
			runOnlyForDeploymentPostprocessing = 0;
			shellPath = /bin/sh;
			shellScript = "\"${PODS_ROOT}/Target Support Files/Pods-WZWeatherApp/Pods-WZWeatherApp-resources.sh\"\n";
			showEnvVarsInLog = 0;
		};
/* End PBXShellScriptBuildPhase section */

/* Begin PBXSourcesBuildPhase section */
		F559EE382890EB6F0068208A /* Sources */ = {
			isa = PBXSourcesBuildPhase;
			buildActionMask = 2147483647;
			files = (
				F523042B2892D2BF007D707B /* DailyModel.m in Sources */,
				F596EA9B289A86670091480C /* LifeStyleModel.m in Sources */,
				F52304312892D691007D707B /* NSURL+WZ.m in Sources */,
				F523043A2893078A007D707B /* LocationManager.m in Sources */,
				F596EA802899E4440091480C /* UIImage+WZ.m in Sources */,
				F5F1EABB289313B50016B191 /* NetworkManager.m in Sources */,
				F5767F7E2897132300C6B7CD /* CityModel.m in Sources */,
				F559EE472890EB6F0068208A /* HomeViewController.m in Sources */,
				F542D05A2893F95A0097792C /* WZHourlyTableViewCell.m in Sources */,
				F52304242892AE63007D707B /* WZConstant.m in Sources */,
				F5F1EAC028931EB80016B191 /* DailyDataService.m in Sources */,
				F539A6B528AFD0EF0016854C /* WZTabBarController.m in Sources */,
				F596EA9E289A87520091480C /* LifeStyleDataService.m in Sources */,
				F596EA842899E9750091480C /* WZBackgroundVideoView.m in Sources */,
				F542D0602893FB2D0097792C /* HourlyDataService.m in Sources */,
				F542D066289441560097792C /* NowDataService.m in Sources */,
				F559EE412890EB6F0068208A /* AppDelegate.m in Sources */,
				F5E2FED62891908B008D0910 /* HomeView.m in Sources */,
				F559EE522890EB700068208A /* main.m in Sources */,
				F523041E2891DB37007D707B /* WZDailyTableViewCell.m in Sources */,
				F5767F7B2897102A00C6B7CD /* LocationTableVC.m in Sources */,
				F542D05D2893F9E80097792C /* HourlyModel.m in Sources */,
				F596EAA1289A89880091480C /* LifeStyleTableVC.m in Sources */,
				F542D063289440250097792C /* NowModel.m in Sources */,
				F596EAA4289A8DEA0091480C /* LifeStyleTableViewCell.m in Sources */,
				F5767F812898698100C6B7CD /* NSString+WZ.m in Sources */,
				F542D0562893E08A0097792C /* WZHourlyCollectionViewCell.m in Sources */,
				F559EE5C2890F8CC0068208A /* WZHeaderTextView.m in Sources */,
				F5F1EAC328934AAF0016B191 /* UtilsManager.m in Sources */,
			);
			runOnlyForDeploymentPostprocessing = 0;
		};
/* End PBXSourcesBuildPhase section */

/* Begin PBXVariantGroup section */
		F559EE4D2890EB700068208A /* LaunchScreen.storyboard */ = {
			isa = PBXVariantGroup;
			children = (
				F559EE4E2890EB700068208A /* Base */,
			);
			name = LaunchScreen.storyboard;
			sourceTree = "<group>";
		};
/* End PBXVariantGroup section */

/* Begin XCBuildConfiguration section */
		F559EE532890EB700068208A /* Debug */ = {
			isa = XCBuildConfiguration;
			buildSettings = {
				ALWAYS_SEARCH_USER_PATHS = NO;
				CLANG_ANALYZER_NONNULL = YES;
				CLANG_ANALYZER_NUMBER_OBJECT_CONVERSION = YES_AGGRESSIVE;
				CLANG_CXX_LANGUAGE_STANDARD = "gnu++17";
				CLANG_ENABLE_MODULES = YES;
				CLANG_ENABLE_OBJC_ARC = YES;
				CLANG_ENABLE_OBJC_WEAK = YES;
				CLANG_WARN_BLOCK_CAPTURE_AUTORELEASING = YES;
				CLANG_WARN_BOOL_CONVERSION = YES;
				CLANG_WARN_COMMA = YES;
				CLANG_WARN_CONSTANT_CONVERSION = YES;
				CLANG_WARN_DEPRECATED_OBJC_IMPLEMENTATIONS = YES;
				CLANG_WARN_DIRECT_OBJC_ISA_USAGE = YES_ERROR;
				CLANG_WARN_DOCUMENTATION_COMMENTS = YES;
				CLANG_WARN_EMPTY_BODY = YES;
				CLANG_WARN_ENUM_CONVERSION = YES;
				CLANG_WARN_INFINITE_RECURSION = YES;
				CLANG_WARN_INT_CONVERSION = YES;
				CLANG_WARN_NON_LITERAL_NULL_CONVERSION = YES;
				CLANG_WARN_OBJC_IMPLICIT_RETAIN_SELF = YES;
				CLANG_WARN_OBJC_LITERAL_CONVERSION = YES;
				CLANG_WARN_OBJC_ROOT_CLASS = YES_ERROR;
				CLANG_WARN_QUOTED_INCLUDE_IN_FRAMEWORK_HEADER = YES;
				CLANG_WARN_RANGE_LOOP_ANALYSIS = YES;
				CLANG_WARN_STRICT_PROTOTYPES = YES;
				CLANG_WARN_SUSPICIOUS_MOVE = YES;
				CLANG_WARN_UNGUARDED_AVAILABILITY = YES_AGGRESSIVE;
				CLANG_WARN_UNREACHABLE_CODE = YES;
				CLANG_WARN__DUPLICATE_METHOD_MATCH = YES;
				COPY_PHASE_STRIP = NO;
				DEBUG_INFORMATION_FORMAT = dwarf;
				ENABLE_STRICT_OBJC_MSGSEND = YES;
				ENABLE_TESTABILITY = YES;
				GCC_C_LANGUAGE_STANDARD = gnu11;
				GCC_DYNAMIC_NO_PIC = NO;
				GCC_NO_COMMON_BLOCKS = YES;
				GCC_OPTIMIZATION_LEVEL = 0;
				GCC_PREPROCESSOR_DEFINITIONS = (
					"DEBUG=1",
					"$(inherited)",
				);
				GCC_WARN_64_TO_32_BIT_CONVERSION = YES;
				GCC_WARN_ABOUT_RETURN_TYPE = YES_ERROR;
				GCC_WARN_UNDECLARED_SELECTOR = YES;
				GCC_WARN_UNINITIALIZED_AUTOS = YES_AGGRESSIVE;
				GCC_WARN_UNUSED_FUNCTION = YES;
				GCC_WARN_UNUSED_VARIABLE = YES;
				IPHONEOS_DEPLOYMENT_TARGET = 15.0;
				MTL_ENABLE_DEBUG_INFO = INCLUDE_SOURCE;
				MTL_FAST_MATH = YES;
				ONLY_ACTIVE_ARCH = YES;
				SDKROOT = iphoneos;
			};
			name = Debug;
		};
		F559EE542890EB700068208A /* Release */ = {
			isa = XCBuildConfiguration;
			buildSettings = {
				ALWAYS_SEARCH_USER_PATHS = NO;
				CLANG_ANALYZER_NONNULL = YES;
				CLANG_ANALYZER_NUMBER_OBJECT_CONVERSION = YES_AGGRESSIVE;
				CLANG_CXX_LANGUAGE_STANDARD = "gnu++17";
				CLANG_ENABLE_MODULES = YES;
				CLANG_ENABLE_OBJC_ARC = YES;
				CLANG_ENABLE_OBJC_WEAK = YES;
				CLANG_WARN_BLOCK_CAPTURE_AUTORELEASING = YES;
				CLANG_WARN_BOOL_CONVERSION = YES;
				CLANG_WARN_COMMA = YES;
				CLANG_WARN_CONSTANT_CONVERSION = YES;
				CLANG_WARN_DEPRECATED_OBJC_IMPLEMENTATIONS = YES;
				CLANG_WARN_DIRECT_OBJC_ISA_USAGE = YES_ERROR;
				CLANG_WARN_DOCUMENTATION_COMMENTS = YES;
				CLANG_WARN_EMPTY_BODY = YES;
				CLANG_WARN_ENUM_CONVERSION = YES;
				CLANG_WARN_INFINITE_RECURSION = YES;
				CLANG_WARN_INT_CONVERSION = YES;
				CLANG_WARN_NON_LITERAL_NULL_CONVERSION = YES;
				CLANG_WARN_OBJC_IMPLICIT_RETAIN_SELF = YES;
				CLANG_WARN_OBJC_LITERAL_CONVERSION = YES;
				CLANG_WARN_OBJC_ROOT_CLASS = YES_ERROR;
				CLANG_WARN_QUOTED_INCLUDE_IN_FRAMEWORK_HEADER = YES;
				CLANG_WARN_RANGE_LOOP_ANALYSIS = YES;
				CLANG_WARN_STRICT_PROTOTYPES = YES;
				CLANG_WARN_SUSPICIOUS_MOVE = YES;
				CLANG_WARN_UNGUARDED_AVAILABILITY = YES_AGGRESSIVE;
				CLANG_WARN_UNREACHABLE_CODE = YES;
				CLANG_WARN__DUPLICATE_METHOD_MATCH = YES;
				COPY_PHASE_STRIP = NO;
				DEBUG_INFORMATION_FORMAT = "dwarf-with-dsym";
				ENABLE_NS_ASSERTIONS = NO;
				ENABLE_STRICT_OBJC_MSGSEND = YES;
				GCC_C_LANGUAGE_STANDARD = gnu11;
				GCC_NO_COMMON_BLOCKS = YES;
				GCC_WARN_64_TO_32_BIT_CONVERSION = YES;
				GCC_WARN_ABOUT_RETURN_TYPE = YES_ERROR;
				GCC_WARN_UNDECLARED_SELECTOR = YES;
				GCC_WARN_UNINITIALIZED_AUTOS = YES_AGGRESSIVE;
				GCC_WARN_UNUSED_FUNCTION = YES;
				GCC_WARN_UNUSED_VARIABLE = YES;
				IPHONEOS_DEPLOYMENT_TARGET = 15.0;
				MTL_ENABLE_DEBUG_INFO = NO;
				MTL_FAST_MATH = YES;
				SDKROOT = iphoneos;
				VALIDATE_PRODUCT = YES;
			};
			name = Release;
		};
		F559EE562890EB700068208A /* Debug */ = {
			isa = XCBuildConfiguration;
			baseConfigurationReference = 688343A53A55049D8B50D0EF /* Pods-WZWeatherApp.debug.xcconfig */;
			buildSettings = {
				ASSETCATALOG_COMPILER_APPICON_NAME = AppIcon;
				ASSETCATALOG_COMPILER_GLOBAL_ACCENT_COLOR_NAME = AccentColor;
				CODE_SIGN_STYLE = Automatic;
				CURRENT_PROJECT_VERSION = 1;
				DEVELOPMENT_TEAM = XC5W5WJCHA;
				GENERATE_INFOPLIST_FILE = YES;
				INFOPLIST_FILE = WZWeatherApp/Info.plist;
				INFOPLIST_KEY_UIApplicationSupportsIndirectInputEvents = YES;
				INFOPLIST_KEY_UILaunchStoryboardName = LaunchScreen;
				INFOPLIST_KEY_UISupportedInterfaceOrientations_iPad = "UIInterfaceOrientationPortrait UIInterfaceOrientationPortraitUpsideDown UIInterfaceOrientationLandscapeLeft UIInterfaceOrientationLandscapeRight";
				INFOPLIST_KEY_UISupportedInterfaceOrientations_iPhone = "UIInterfaceOrientationPortrait UIInterfaceOrientationLandscapeLeft UIInterfaceOrientationLandscapeRight";
				IPHONEOS_DEPLOYMENT_TARGET = 15.0;
				LD_RUNPATH_SEARCH_PATHS = (
					"$(inherited)",
					"@executable_path/Frameworks",
				);
				MARKETING_VERSION = 1.0;
				PRODUCT_BUNDLE_IDENTIFIER = com.wenzhuo.WZWeatherApp;
				PRODUCT_NAME = "$(TARGET_NAME)";
				SWIFT_EMIT_LOC_STRINGS = YES;
				TARGETED_DEVICE_FAMILY = 1;
			};
			name = Debug;
		};
		F559EE572890EB700068208A /* Release */ = {
			isa = XCBuildConfiguration;
			baseConfigurationReference = 8987FCD0C4022EFFABA08D49 /* Pods-WZWeatherApp.release.xcconfig */;
			buildSettings = {
				ASSETCATALOG_COMPILER_APPICON_NAME = AppIcon;
				ASSETCATALOG_COMPILER_GLOBAL_ACCENT_COLOR_NAME = AccentColor;
				CODE_SIGN_STYLE = Automatic;
				CURRENT_PROJECT_VERSION = 1;
				DEVELOPMENT_TEAM = XC5W5WJCHA;
				GENERATE_INFOPLIST_FILE = YES;
				INFOPLIST_FILE = WZWeatherApp/Info.plist;
				INFOPLIST_KEY_UIApplicationSupportsIndirectInputEvents = YES;
				INFOPLIST_KEY_UILaunchStoryboardName = LaunchScreen;
				INFOPLIST_KEY_UISupportedInterfaceOrientations_iPad = "UIInterfaceOrientationPortrait UIInterfaceOrientationPortraitUpsideDown UIInterfaceOrientationLandscapeLeft UIInterfaceOrientationLandscapeRight";
				INFOPLIST_KEY_UISupportedInterfaceOrientations_iPhone = "UIInterfaceOrientationPortrait UIInterfaceOrientationLandscapeLeft UIInterfaceOrientationLandscapeRight";
				IPHONEOS_DEPLOYMENT_TARGET = 15.0;
				LD_RUNPATH_SEARCH_PATHS = (
					"$(inherited)",
					"@executable_path/Frameworks",
				);
				MARKETING_VERSION = 1.0;
				PRODUCT_BUNDLE_IDENTIFIER = com.wenzhuo.WZWeatherApp;
				PRODUCT_NAME = "$(TARGET_NAME)";
				SWIFT_EMIT_LOC_STRINGS = YES;
				TARGETED_DEVICE_FAMILY = 1;
			};
			name = Release;
		};
/* End XCBuildConfiguration section */

/* Begin XCConfigurationList section */
		F559EE372890EB6F0068208A /* Build configuration list for PBXProject "WZWeatherApp" */ = {
			isa = XCConfigurationList;
			buildConfigurations = (
				F559EE532890EB700068208A /* Debug */,
				F559EE542890EB700068208A /* Release */,
			);
			defaultConfigurationIsVisible = 0;
			defaultConfigurationName = Release;
		};
		F559EE552890EB700068208A /* Build configuration list for PBXNativeTarget "WZWeatherApp" */ = {
			isa = XCConfigurationList;
			buildConfigurations = (
				F559EE562890EB700068208A /* Debug */,
				F559EE572890EB700068208A /* Release */,
			);
			defaultConfigurationIsVisible = 0;
			defaultConfigurationName = Release;
		};
/* End XCConfigurationList section */
	};
	rootObject = F559EE342890EB6F0068208A /* Project object */;
}
